
Microsoft Visual Studio Solution File, Format Version 12.00
# Visual Studio 2013
VisualStudioVersion = 12.0.31101.0
MinimumVisualStudioVersion = 10.0.40219.1
Project("{FAE04EC0-301F-11D3-BF4B-00C04F79EFBC}") = "fizzbuzz", "fizzbuzz\fizzbuzz.csproj", "{2EDCC717-BE7D-4DB9-9042-D4A9FBB5BD3D}"
EndProject
Project("{FAE04EC0-301F-11D3-BF4B-00C04F79EFBC}") = "fizzbuzz.tests", "fizzbuzz.tests\fizzbuzz.tests.csproj", "{ECEC528C-6E2E-4D74-B09B-189E2C7DB2D3}"
EndProject
Global
	GlobalSection(SolutionConfigurationPlatforms) = preSolution
		Debug|Any CPU = Debug|Any CPU
		Release|Any CPU = Release|Any CPU
	EndGlobalSection
	GlobalSection(ProjectConfigurationPlatforms) = postSolution
		{2EDCC717-BE7D-4DB9-9042-D4A9FBB5BD3D}.Debug|Any CPU.ActiveCfg = Debug|Any CPU
		{2EDCC717-BE7D-4DB9-9042-D4A9FBB5BD3D}.Debug|Any CPU.Build.0 = Debug|Any CPU
		{2EDCC717-BE7D-4DB9-9042-D4A9FBB5BD3D}.Release|Any CPU.ActiveCfg = Release|Any CPU
		{2EDCC717-BE7D-4DB9-9042-D4A9FBB5BD3D}.Release|Any CPU.Build.0 = Release|Any CPU
		{ECEC528C-6E2E-4D74-B09B-189E2C7DB2D3}.Debug|Any CPU.ActiveCfg = Debug|Any CPU
		{ECEC528C-6E2E-4D74-B09B-189E2C7DB2D3}.Debug|Any CPU.Build.0 = Debug|Any CPU
		{ECEC528C-6E2E-4D74-B09B-189E2C7DB2D3}.Release|Any CPU.ActiveCfg = Release|Any CPU
		{ECEC528C-6E2E-4D74-B09B-189E2C7DB2D3}.Release|Any CPU.Build.0 = Release|Any CPU
	EndGlobalSection
	GlobalSection(SolutionProperties) = preSolution
		HideSolutionNode = FALSE
	EndGlobalSection
EndGlobal
